
Microsoft Visual Studio Solution File, Format Version 12.00
# Visual Studio Version 16
VisualStudioVersion = 16.0.30011.22
MinimumVisualStudioVersion = 10.0.40219.1
Project("{9A19103F-16F7-4668-BE54-9A1E7A4F7556}") = "Periscope", "Periscope\Periscope.csproj", "{A6BA8515-555B-45AC-A6D5-733E89FA64B3}"
EndProject
Project("{9A19103F-16F7-4668-BE54-9A1E7A4F7556}") = "Periscope.Debuggee", "Periscope.Debuggee\Periscope.Debuggee.csproj", "{402AD725-6873-4711-AC41-F4AF29011E7E}"
EndProject
Global
	GlobalSection(SolutionConfigurationPlatforms) = preSolution
		Debug|Any CPU = Debug|Any CPU
		Release|Any CPU = Release|Any CPU
	EndGlobalSection
	GlobalSection(ProjectConfigurationPlatforms) = postSolution
		{A6BA8515-555B-45AC-A6D5-733E89FA64B3}.Debug|Any CPU.ActiveCfg = Debug|Any CPU
		{A6BA8515-555B-45AC-A6D5-733E89FA64B3}.Debug|Any CPU.Build.0 = Debug|Any CPU
		{A6BA8515-555B-45AC-A6D5-733E89FA64B3}.Release|Any CPU.ActiveCfg = Release|Any CPU
		{A6BA8515-555B-45AC-A6D5-733E89FA64B3}.Release|Any CPU.Build.0 = Release|Any CPU
		{402AD725-6873-4711-AC41-F4AF29011E7E}.Debug|Any CPU.ActiveCfg = Debug|Any CPU
		{402AD725-6873-4711-AC41-F4AF29011E7E}.Debug|Any CPU.Build.0 = Debug|Any CPU
		{402AD725-6873-4711-AC41-F4AF29011E7E}.Release|Any CPU.ActiveCfg = Release|Any CPU
		{402AD725-6873-4711-AC41-F4AF29011E7E}.Release|Any CPU.Build.0 = Release|Any CPU
	EndGlobalSection
	GlobalSection(SolutionProperties) = preSolution
		HideSolutionNode = FALSE
	EndGlobalSection
	GlobalSection(ExtensibilityGlobals) = postSolution
		SolutionGuid = {863AC4F1-3A69-43A8-9666-53F613685548}
	EndGlobalSection
EndGlobal
